
Microsoft Visual Studio Solution File, Format Version 12.00
# Visual Studio Version 17
VisualStudioVersion = 17.0.31903.59
MinimumVisualStudioVersion = 10.0.40219.1
Project("{2150E333-8FDC-42A3-9474-1A3956D46DE8}") = "src", "src", "{827E0CD3-B72D-47B6-A68D-7590B98EB39B}"
EndProject
Project("{FAE04EC0-301F-11D3-BF4B-00C04F79EFBC}") = "RibbonControl.Core", "src\RibbonControl.Core\RibbonControl.Core.csproj", "{A43C8BC6-24F8-4AB4-9101-BDB05AFF02AE}"
EndProject
Project("{FAE04EC0-301F-11D3-BF4B-00C04F79EFBC}") = "RibbonControl.Persistence.Json", "src\RibbonControl.Persistence.Json\RibbonControl.Persistence.Json.csproj", "{C44BD30A-7192-492E-A77E-CC44177EBDB1}"
EndProject
Project("{FAE04EC0-301F-11D3-BF4B-00C04F79EFBC}") = "RibbonControl.Samples.XamlOnly", "src\RibbonControl.Samples.XamlOnly\RibbonControl.Samples.XamlOnly.csproj", "{47B1A307-0238-4CBA-8678-513D9B59A602}"
EndProject
Project("{FAE04EC0-301F-11D3-BF4B-00C04F79EFBC}") = "RibbonControl.Samples.MvvmOnly", "src\RibbonControl.Samples.MvvmOnly\RibbonControl.Samples.MvvmOnly.csproj", "{E031B084-365D-450D-8C47-90EDED9013D9}"
EndProject
Project("{FAE04EC0-301F-11D3-BF4B-00C04F79EFBC}") = "RibbonControl.Samples.Hybrid", "src\RibbonControl.Samples.Hybrid\RibbonControl.Samples.Hybrid.csproj", "{466550B0-8734-4C9F-9DD1-DFEAA1DB5F54}"
EndProject
Project("{2150E333-8FDC-42A3-9474-1A3956D46DE8}") = "tests", "tests", "{0AB3BF05-4346-4AA6-1389-037BE0695223}"
EndProject
Project("{FAE04EC0-301F-11D3-BF4B-00C04F79EFBC}") = "RibbonControl.Core.Tests", "tests\RibbonControl.Core.Tests\RibbonControl.Core.Tests.csproj", "{C35DB8E3-1ECA-4209-A2D7-5A653BAE4AEF}"
EndProject
Project("{FAE04EC0-301F-11D3-BF4B-00C04F79EFBC}") = "RibbonControl.Headless.Tests", "tests\RibbonControl.Headless.Tests\RibbonControl.Headless.Tests.csproj", "{E8EBFA5C-6A22-4D45-BF91-3DEF3A454EEC}"
EndProject
Project("{FAE04EC0-301F-11D3-BF4B-00C04F79EFBC}") = "RibbonControl.VisualRegression.Tests", "tests\RibbonControl.VisualRegression.Tests\RibbonControl.VisualRegression.Tests.csproj", "{81FA6B82-AFC6-4827-9479-7B7E46740823}"
EndProject
Project("{FAE04EC0-301F-11D3-BF4B-00C04F79EFBC}") = "RibbonControl.Performance.Tests", "tests\RibbonControl.Performance.Tests\RibbonControl.Performance.Tests.csproj", "{57AF9D4F-FBD7-4BD5-BF14-CBF9BB2E5F18}"
EndProject
Global
	GlobalSection(SolutionConfigurationPlatforms) = preSolution
		Debug|Any CPU = Debug|Any CPU
		Debug|x64 = Debug|x64
		Debug|x86 = Debug|x86
		Release|Any CPU = Release|Any CPU
		Release|x64 = Release|x64
		Release|x86 = Release|x86
	EndGlobalSection
	GlobalSection(ProjectConfigurationPlatforms) = postSolution
		{A43C8BC6-24F8-4AB4-9101-BDB05AFF02AE}.Debug|Any CPU.ActiveCfg = Debug|Any CPU
		{A43C8BC6-24F8-4AB4-9101-BDB05AFF02AE}.Debug|Any CPU.Build.0 = Debug|Any CPU
		{A43C8BC6-24F8-4AB4-9101-BDB05AFF02AE}.Debug|x64.ActiveCfg = Debug|Any CPU
		{A43C8BC6-24F8-4AB4-9101-BDB05AFF02AE}.Debug|x64.Build.0 = Debug|Any CPU
		{A43C8BC6-24F8-4AB4-9101-BDB05AFF02AE}.Debug|x86.ActiveCfg = Debug|Any CPU
		{A43C8BC6-24F8-4AB4-9101-BDB05AFF02AE}.Debug|x86.Build.0 = Debug|Any CPU
		{A43C8BC6-24F8-4AB4-9101-BDB05AFF02AE}.Release|Any CPU.ActiveCfg = Release|Any CPU
		{A43C8BC6-24F8-4AB4-9101-BDB05AFF02AE}.Release|Any CPU.Build.0 = Release|Any CPU
		{A43C8BC6-24F8-4AB4-9101-BDB05AFF02AE}.Release|x64.ActiveCfg = Release|Any CPU
		{A43C8BC6-24F8-4AB4-9101-BDB05AFF02AE}.Release|x64.Build.0 = Release|Any CPU
		{A43C8BC6-24F8-4AB4-9101-BDB05AFF02AE}.Release|x86.ActiveCfg = Release|Any CPU
		{A43C8BC6-24F8-4AB4-9101-BDB05AFF02AE}.Release|x86.Build.0 = Release|Any CPU
		{C44BD30A-7192-492E-A77E-CC44177EBDB1}.Debug|Any CPU.ActiveCfg = Debug|Any CPU
		{C44BD30A-7192-492E-A77E-CC44177EBDB1}.Debug|Any CPU.Build.0 = Debug|Any CPU
		{C44BD30A-7192-492E-A77E-CC44177EBDB1}.Debug|x64.ActiveCfg = Debug|Any CPU
		{C44BD30A-7192-492E-A77E-CC44177EBDB1}.Debug|x64.Build.0 = Debug|Any CPU
		{C44BD30A-7192-492E-A77E-CC44177EBDB1}.Debug|x86.ActiveCfg = Debug|Any CPU
		{C44BD30A-7192-492E-A77E-CC44177EBDB1}.Debug|x86.Build.0 = Debug|Any CPU
		{C44BD30A-7192-492E-A77E-CC44177EBDB1}.Release|Any CPU.ActiveCfg = Release|Any CPU
		{C44BD30A-7192-492E-A77E-CC44177EBDB1}.Release|Any CPU.Build.0 = Release|Any CPU
		{C44BD30A-7192-492E-A77E-CC44177EBDB1}.Release|x64.ActiveCfg = Release|Any CPU
		{C44BD30A-7192-492E-A77E-CC44177EBDB1}.Release|x64.Build.0 = Release|Any CPU
		{C44BD30A-7192-492E-A77E-CC44177EBDB1}.Release|x86.ActiveCfg = Release|Any CPU
		{C44BD30A-7192-492E-A77E-CC44177EBDB1}.Release|x86.Build.0 = Release|Any CPU
		{47B1A307-0238-4CBA-8678-513D9B59A602}.Debug|Any CPU.ActiveCfg = Debug|Any CPU
		{47B1A307-0238-4CBA-8678-513D9B59A602}.Debug|Any CPU.Build.0 = Debug|Any CPU
		{47B1A307-0238-4CBA-8678-513D9B59A602}.Debug|x64.ActiveCfg = Debug|Any CPU
		{47B1A307-0238-4CBA-8678-513D9B59A602}.Debug|x64.Build.0 = Debug|Any CPU
		{47B1A307-0238-4CBA-8678-513D9B59A602}.Debug|x86.ActiveCfg = Debug|Any CPU
		{47B1A307-0238-4CBA-8678-513D9B59A602}.Debug|x86.Build.0 = Debug|Any CPU
		{47B1A307-0238-4CBA-8678-513D9B59A602}.Release|Any CPU.ActiveCfg = Release|Any CPU
		{47B1A307-0238-4CBA-8678-513D9B59A602}.Release|Any CPU.Build.0 = Release|Any CPU
		{47B1A307-0238-4CBA-8678-513D9B59A602}.Release|x64.ActiveCfg = Release|Any CPU
		{47B1A307-0238-4CBA-8678-513D9B59A602}.Release|x64.Build.0 = Release|Any CPU
		{47B1A307-0238-4CBA-8678-513D9B59A602}.Release|x86.ActiveCfg = Release|Any CPU
		{47B1A307-0238-4CBA-8678-513D9B59A602}.Release|x86.Build.0 = Release|Any CPU
		{E031B084-365D-450D-8C47-90EDED9013D9}.Debug|Any CPU.ActiveCfg = Debug|Any CPU
		{E031B084-365D-450D-8C47-90EDED9013D9}.Debug|Any CPU.Build.0 = Debug|Any CPU
		{E031B084-365D-450D-8C47-90EDED9013D9}.Debug|x64.ActiveCfg = Debug|Any CPU
		{E031B084-365D-450D-8C47-90EDED9013D9}.Debug|x64.Build.0 = Debug|Any CPU
		{E031B084-365D-450D-8C47-90EDED9013D9}.Debug|x86.ActiveCfg = Debug|Any CPU
		{E031B084-365D-450D-8C47-90EDED9013D9}.Debug|x86.Build.0 = Debug|Any CPU
		{E031B084-365D-450D-8C47-90EDED9013D9}.Release|Any CPU.ActiveCfg = Release|Any CPU
		{E031B084-365D-450D-8C47-90EDED9013D9}.Release|Any CPU.Build.0 = Release|Any CPU
		{E031B084-365D-450D-8C47-90EDED9013D9}.Release|x64.ActiveCfg = Release|Any CPU
		{E031B084-365D-450D-8C47-90EDED9013D9}.Release|x64.Build.0 = Release|Any CPU
		{E031B084-365D-450D-8C47-90EDED9013D9}.Release|x86.ActiveCfg = Release|Any CPU
		{E031B084-365D-450D-8C47-90EDED9013D9}.Release|x86.Build.0 = Release|Any CPU
		{466550B0-8734-4C9F-9DD1-DFEAA1DB5F54}.Debug|Any CPU.ActiveCfg = Debug|Any CPU
		{466550B0-8734-4C9F-9DD1-DFEAA1DB5F54}.Debug|Any CPU.Build.0 = Debug|Any CPU
		{466550B0-8734-4C9F-9DD1-DFEAA1DB5F54}.Debug|x64.ActiveCfg = Debug|Any CPU
		{466550B0-8734-4C9F-9DD1-DFEAA1DB5F54}.Debug|x64.Build.0 = Debug|Any CPU
		{466550B0-8734-4C9F-9DD1-DFEAA1DB5F54}.Debug|x86.ActiveCfg = Debug|Any CPU
		{466550B0-8734-4C9F-9DD1-DFEAA1DB5F54}.Debug|x86.Build.0 = Debug|Any CPU
		{466550B0-8734-4C9F-9DD1-DFEAA1DB5F54}.Release|Any CPU.ActiveCfg = Release|Any CPU
		{466550B0-8734-4C9F-9DD1-DFEAA1DB5F54}.Release|Any CPU.Build.0 = Release|Any CPU
		{466550B0-8734-4C9F-9DD1-DFEAA1DB5F54}.Release|x64.ActiveCfg = Release|Any CPU
		{466550B0-8734-4C9F-9DD1-DFEAA1DB5F54}.Release|x64.Build.0 = Release|Any CPU
		{466550B0-8734-4C9F-9DD1-DFEAA1DB5F54}.Release|x86.ActiveCfg = Release|Any CPU
		{466550B0-8734-4C9F-9DD1-DFEAA1DB5F54}.Release|x86.Build.0 = Release|Any CPU
		{C35DB8E3-1ECA-4209-A2D7-5A653BAE4AEF}.Debug|Any CPU.ActiveCfg = Debug|Any CPU
		{C35DB8E3-1ECA-4209-A2D7-5A653BAE4AEF}.Debug|Any CPU.Build.0 = Debug|Any CPU
		{C35DB8E3-1ECA-4209-A2D7-5A653BAE4AEF}.Debug|x64.ActiveCfg = Debug|Any CPU
		{C35DB8E3-1ECA-4209-A2D7-5A653BAE4AEF}.Debug|x64.Build.0 = Debug|Any CPU
		{C35DB8E3-1ECA-4209-A2D7-5A653BAE4AEF}.Debug|x86.ActiveCfg = Debug|Any CPU
		{C35DB8E3-1ECA-4209-A2D7-5A653BAE4AEF}.Debug|x86.Build.0 = Debug|Any CPU
		{C35DB8E3-1ECA-4209-A2D7-5A653BAE4AEF}.Release|Any CPU.ActiveCfg = Release|Any CPU
		{C35DB8E3-1ECA-4209-A2D7-5A653BAE4AEF}.Release|Any CPU.Build.0 = Release|Any CPU
		{C35DB8E3-1ECA-4209-A2D7-5A653BAE4AEF}.Release|x64.ActiveCfg = Release|Any CPU
		{C35DB8E3-1ECA-4209-A2D7-5A653BAE4AEF}.Release|x64.Build.0 = Release|Any CPU
		{C35DB8E3-1ECA-4209-A2D7-5A653BAE4AEF}.Release|x86.ActiveCfg = Release|Any CPU
		{C35DB8E3-1ECA-4209-A2D7-5A653BAE4AEF}.Release|x86.Build.0 = Release|Any CPU
		{E8EBFA5C-6A22-4D45-BF91-3DEF3A454EEC}.Debug|Any CPU.ActiveCfg = Debug|Any CPU
		{E8EBFA5C-6A22-4D45-BF91-3DEF3A454EEC}.Debug|Any CPU.Build.0 = Debug|Any CPU
		{E8EBFA5C-6A22-4D45-BF91-3DEF3A454EEC}.Debug|x64.ActiveCfg = Debug|Any CPU
		{E8EBFA5C-6A22-4D45-BF91-3DEF3A454EEC}.Debug|x64.Build.0 = Debug|Any CPU
		{E8EBFA5C-6A22-4D45-BF91-3DEF3A454EEC}.Debug|x86.ActiveCfg = Debug|Any CPU
		{E8EBFA5C-6A22-4D45-BF91-3DEF3A454EEC}.Debug|x86.Build.0 = Debug|Any CPU
		{E8EBFA5C-6A22-4D45-BF91-3DEF3A454EEC}.Release|Any CPU.ActiveCfg = Release|Any CPU
		{E8EBFA5C-6A22-4D45-BF91-3DEF3A454EEC}.Release|Any CPU.Build.0 = Release|Any CPU
		{E8EBFA5C-6A22-4D45-BF91-3DEF3A454EEC}.Release|x64.ActiveCfg = Release|Any CPU
		{E8EBFA5C-6A22-4D45-BF91-3DEF3A454EEC}.Release|x64.Build.0 = Release|Any CPU
		{E8EBFA5C-6A22-4D45-BF91-3DEF3A454EEC}.Release|x86.ActiveCfg = Release|Any CPU
		{E8EBFA5C-6A22-4D45-BF91-3DEF3A454EEC}.Release|x86.Build.0 = Release|Any CPU
		{81FA6B82-AFC6-4827-9479-7B7E46740823}.Debug|Any CPU.ActiveCfg = Debug|Any CPU
		{81FA6B82-AFC6-4827-9479-7B7E46740823}.Debug|Any CPU.Build.0 = Debug|Any CPU
		{81FA6B82-AFC6-4827-9479-7B7E46740823}.Debug|x64.ActiveCfg = Debug|Any CPU
		{81FA6B82-AFC6-4827-9479-7B7E46740823}.Debug|x64.Build.0 = Debug|Any CPU
		{81FA6B82-AFC6-4827-9479-7B7E46740823}.Debug|x86.ActiveCfg = Debug|Any CPU
		{81FA6B82-AFC6-4827-9479-7B7E46740823}.Debug|x86.Build.0 = Debug|Any CPU
		{81FA6B82-AFC6-4827-9479-7B7E46740823}.Release|Any CPU.ActiveCfg = Release|Any CPU
		{81FA6B82-AFC6-4827-9479-7B7E46740823}.Release|Any CPU.Build.0 = Release|Any CPU
		{81FA6B82-AFC6-4827-9479-7B7E46740823}.Release|x64.ActiveCfg = Release|Any CPU
		{81FA6B82-AFC6-4827-9479-7B7E46740823}.Release|x64.Build.0 = Release|Any CPU
		{81FA6B82-AFC6-4827-9479-7B7E46740823}.Release|x86.ActiveCfg = Release|Any CPU
		{81FA6B82-AFC6-4827-9479-7B7E46740823}.Release|x86.Build.0 = Release|Any CPU
		{57AF9D4F-FBD7-4BD5-BF14-CBF9BB2E5F18}.Debug|Any CPU.ActiveCfg = Debug|Any CPU
		{57AF9D4F-FBD7-4BD5-BF14-CBF9BB2E5F18}.Debug|Any CPU.Build.0 = Debug|Any CPU
		{57AF9D4F-FBD7-4BD5-BF14-CBF9BB2E5F18}.Debug|x64.ActiveCfg = Debug|Any CPU
		{57AF9D4F-FBD7-4BD5-BF14-CBF9BB2E5F18}.Debug|x64.Build.0 = Debug|Any CPU
		{57AF9D4F-FBD7-4BD5-BF14-CBF9BB2E5F18}.Debug|x86.ActiveCfg = Debug|Any CPU
		{57AF9D4F-FBD7-4BD5-BF14-CBF9BB2E5F18}.Debug|x86.Build.0 = Debug|Any CPU
		{57AF9D4F-FBD7-4BD5-BF14-CBF9BB2E5F18}.Release|Any CPU.ActiveCfg = Release|Any CPU
		{57AF9D4F-FBD7-4BD5-BF14-CBF9BB2E5F18}.Release|Any CPU.Build.0 = Release|Any CPU
		{57AF9D4F-FBD7-4BD5-BF14-CBF9BB2E5F18}.Release|x64.ActiveCfg = Release|Any CPU
		{57AF9D4F-FBD7-4BD5-BF14-CBF9BB2E5F18}.Release|x64.Build.0 = Release|Any CPU
		{57AF9D4F-FBD7-4BD5-BF14-CBF9BB2E5F18}.Release|x86.ActiveCfg = Release|Any CPU
		{57AF9D4F-FBD7-4BD5-BF14-CBF9BB2E5F18}.Release|x86.Build.0 = Release|Any CPU
	EndGlobalSection
	GlobalSection(SolutionProperties) = preSolution
		HideSolutionNode = FALSE
	EndGlobalSection
	GlobalSection(NestedProjects) = preSolution
		{A43C8BC6-24F8-4AB4-9101-BDB05AFF02AE} = {827E0CD3-B72D-47B6-A68D-7590B98EB39B}
		{C44BD30A-7192-492E-A77E-CC44177EBDB1} = {827E0CD3-B72D-47B6-A68D-7590B98EB39B}
		{47B1A307-0238-4CBA-8678-513D9B59A602} = {827E0CD3-B72D-47B6-A68D-7590B98EB39B}
		{E031B084-365D-450D-8C47-90EDED9013D9} = {827E0CD3-B72D-47B6-A68D-7590B98EB39B}
		{466550B0-8734-4C9F-9DD1-DFEAA1DB5F54} = {827E0CD3-B72D-47B6-A68D-7590B98EB39B}
		{C35DB8E3-1ECA-4209-A2D7-5A653BAE4AEF} = {0AB3BF05-4346-4AA6-1389-037BE0695223}
		{E8EBFA5C-6A22-4D45-BF91-3DEF3A454EEC} = {0AB3BF05-4346-4AA6-1389-037BE0695223}
		{81FA6B82-AFC6-4827-9479-7B7E46740823} = {0AB3BF05-4346-4AA6-1389-037BE0695223}
		{57AF9D4F-FBD7-4BD5-BF14-CBF9BB2E5F18} = {0AB3BF05-4346-4AA6-1389-037BE0695223}
	EndGlobalSection
EndGlobal
